
Microsoft Visual Studio Solution File, Format Version 11.00
# Visual Studio 2010
Project("{FAE04EC0-301F-11D3-BF4B-00C04F79EFBC}") = "Assembly-CSharp", "Assembly-CSharp.csproj", "{07b70551-f877-437b-50bf-f7a97cd91679}"
EndProject
Project("{FAE04EC0-301F-11D3-BF4B-00C04F79EFBC}") = "GoogleMobileAds.Editor", "GoogleMobileAds.Editor.csproj", "{230fe37c-764d-fc0b-8262-8eda387d22e8}"
EndProject
Project("{FAE04EC0-301F-11D3-BF4B-00C04F79EFBC}") = "Assembly-CSharp-Editor", "Assembly-CSharp-Editor.csproj", "{f37cb5f1-661e-ddb9-d63b-9abdc006ad30}"
EndProject
Global
	GlobalSection(SolutionConfigurationPlatforms) = preSolution
		Debug|Any CPU = Debug|Any CPU
	EndGlobalSection
	GlobalSection(ProjectConfigurationPlatforms) = postSolution
		{07b70551-f877-437b-50bf-f7a97cd91679}.Debug|Any CPU.ActiveCfg = Debug|Any CPU
		{07b70551-f877-437b-50bf-f7a97cd91679}.Debug|Any CPU.Build.0 = Debug|Any CPU
		{230fe37c-764d-fc0b-8262-8eda387d22e8}.Debug|Any CPU.ActiveCfg = Debug|Any CPU
		{230fe37c-764d-fc0b-8262-8eda387d22e8}.Debug|Any CPU.Build.0 = Debug|Any CPU
		{f37cb5f1-661e-ddb9-d63b-9abdc006ad30}.Debug|Any CPU.ActiveCfg = Debug|Any CPU
		{f37cb5f1-661e-ddb9-d63b-9abdc006ad30}.Debug|Any CPU.Build.0 = Debug|Any CPU
	EndGlobalSection
	GlobalSection(SolutionProperties) = preSolution
		HideSolutionNode = FALSE
	EndGlobalSection
EndGlobal
